
Microsoft Visual Studio Solution File, Format Version 12.00
# Visual Studio Version 17
VisualStudioVersion = 17.1.32228.430
MinimumVisualStudioVersion = 10.0.40219.1
Project("{FAE04EC0-301F-11D3-BF4B-00C04F79EFBC}") = "MvcProjeKampi", "MvcProjeKampi\MvcProjeKampi.csproj", "{30839E02-9951-4E1E-A540-D8F974074388}"
EndProject
Project("{FAE04EC0-301F-11D3-BF4B-00C04F79EFBC}") = "DataAccessLayer", "DataAccessLayerr\DataAccessLayer.csproj", "{AE43C612-73D3-4F8B-AEDC-01B92AC8CD41}"
EndProject
Project("{FAE04EC0-301F-11D3-BF4B-00C04F79EFBC}") = "BusinessLayer", "BusinessLayerr\BusinessLayer.csproj", "{C017DD25-C76D-405E-9350-DC7D216B4CE3}"
EndProject
Project("{FAE04EC0-301F-11D3-BF4B-00C04F79EFBC}") = "EntityLayer", "EntityLayerr\EntityLayer.csproj", "{07343168-9C95-4172-A5F8-4B4E37DBB041}"
EndProject
Global
	GlobalSection(SolutionConfigurationPlatforms) = preSolution
		Debug|Any CPU = Debug|Any CPU
		Release|Any CPU = Release|Any CPU
	EndGlobalSection
	GlobalSection(ProjectConfigurationPlatforms) = postSolution
		{30839E02-9951-4E1E-A540-D8F974074388}.Debug|Any CPU.ActiveCfg = Debug|Any CPU
		{30839E02-9951-4E1E-A540-D8F974074388}.Debug|Any CPU.Build.0 = Debug|Any CPU
		{30839E02-9951-4E1E-A540-D8F974074388}.Release|Any CPU.ActiveCfg = Release|Any CPU
		{30839E02-9951-4E1E-A540-D8F974074388}.Release|Any CPU.Build.0 = Release|Any CPU
		{AE43C612-73D3-4F8B-AEDC-01B92AC8CD41}.Debug|Any CPU.ActiveCfg = Debug|Any CPU
		{AE43C612-73D3-4F8B-AEDC-01B92AC8CD41}.Debug|Any CPU.Build.0 = Debug|Any CPU
		{AE43C612-73D3-4F8B-AEDC-01B92AC8CD41}.Release|Any CPU.ActiveCfg = Release|Any CPU
		{AE43C612-73D3-4F8B-AEDC-01B92AC8CD41}.Release|Any CPU.Build.0 = Release|Any CPU
		{C017DD25-C76D-405E-9350-DC7D216B4CE3}.Debug|Any CPU.ActiveCfg = Debug|Any CPU
		{C017DD25-C76D-405E-9350-DC7D216B4CE3}.Debug|Any CPU.Build.0 = Debug|Any CPU
		{C017DD25-C76D-405E-9350-DC7D216B4CE3}.Release|Any CPU.ActiveCfg = Release|Any CPU
		{C017DD25-C76D-405E-9350-DC7D216B4CE3}.Release|Any CPU.Build.0 = Release|Any CPU
		{07343168-9C95-4172-A5F8-4B4E37DBB041}.Debug|Any CPU.ActiveCfg = Debug|Any CPU
		{07343168-9C95-4172-A5F8-4B4E37DBB041}.Debug|Any CPU.Build.0 = Debug|Any CPU
		{07343168-9C95-4172-A5F8-4B4E37DBB041}.Release|Any CPU.ActiveCfg = Release|Any CPU
		{07343168-9C95-4172-A5F8-4B4E37DBB041}.Release|Any CPU.Build.0 = Release|Any CPU
	EndGlobalSection
	GlobalSection(SolutionProperties) = preSolution
		HideSolutionNode = FALSE
	EndGlobalSection
	GlobalSection(ExtensibilityGlobals) = postSolution
		SolutionGuid = {A3555ABA-862A-47D5-8D3E-3F8681E0405D}
	EndGlobalSection
EndGlobal
